
Microsoft Visual Studio Solution File, Format Version 12.00
# Visual Studio Version 17
VisualStudioVersion = 17.4.33403.182
MinimumVisualStudioVersion = 10.0.40219.1
Project("{888888A0-9F3D-457C-B088-3A5042F75D52}") = "FizzBuzz", "FizzBuzz\FizzBuzz.pyproj", "{59D83A57-1795-45AE-8418-9D479856E86C}"
EndProject
Global
	GlobalSection(SolutionConfigurationPlatforms) = preSolution
		Debug|Any CPU = Debug|Any CPU
		Release|Any CPU = Release|Any CPU
	EndGlobalSection
	GlobalSection(ProjectConfigurationPlatforms) = postSolution
		{59D83A57-1795-45AE-8418-9D479856E86C}.Debug|Any CPU.ActiveCfg = Debug|Any CPU
		{59D83A57-1795-45AE-8418-9D479856E86C}.Release|Any CPU.ActiveCfg = Release|Any CPU
	EndGlobalSection
	GlobalSection(SolutionProperties) = preSolution
		HideSolutionNode = FALSE
	EndGlobalSection
	GlobalSection(ExtensibilityGlobals) = postSolution
		SolutionGuid = {EE1FA16A-3BC0-46DE-90C7-363FF66308EB}
	EndGlobalSection
EndGlobal
